
Microsoft Visual Studio Solution File, Format Version 12.00
# Visual Studio 14
VisualStudioVersion = 14.0.23107.0
MinimumVisualStudioVersion = 10.0.40219.1
Project("{FAE04EC0-301F-11D3-BF4B-00C04F79EFBC}") = "Singleton", "Singleton\Singleton.csproj", "{4844767D-1C4C-4A73-B7E0-0F94BEFA49F9}"
EndProject
Project("{FAE04EC0-301F-11D3-BF4B-00C04F79EFBC}") = "Singleton.Tests", "Singleton.Tests\Singleton.Tests.csproj", "{C034EAE7-3FE8-4D5D-A476-8457BD7FE4BB}"
EndProject
Global
	GlobalSection(SolutionConfigurationPlatforms) = preSolution
		Debug|Any CPU = Debug|Any CPU
		Release|Any CPU = Release|Any CPU
	EndGlobalSection
	GlobalSection(ProjectConfigurationPlatforms) = postSolution
		{4844767D-1C4C-4A73-B7E0-0F94BEFA49F9}.Debug|Any CPU.ActiveCfg = Debug|Any CPU
		{4844767D-1C4C-4A73-B7E0-0F94BEFA49F9}.Debug|Any CPU.Build.0 = Debug|Any CPU
		{4844767D-1C4C-4A73-B7E0-0F94BEFA49F9}.Release|Any CPU.ActiveCfg = Release|Any CPU
		{4844767D-1C4C-4A73-B7E0-0F94BEFA49F9}.Release|Any CPU.Build.0 = Release|Any CPU
		{C034EAE7-3FE8-4D5D-A476-8457BD7FE4BB}.Debug|Any CPU.ActiveCfg = Debug|Any CPU
		{C034EAE7-3FE8-4D5D-A476-8457BD7FE4BB}.Debug|Any CPU.Build.0 = Debug|Any CPU
		{C034EAE7-3FE8-4D5D-A476-8457BD7FE4BB}.Release|Any CPU.ActiveCfg = Release|Any CPU
		{C034EAE7-3FE8-4D5D-A476-8457BD7FE4BB}.Release|Any CPU.Build.0 = Release|Any CPU
	EndGlobalSection
	GlobalSection(SolutionProperties) = preSolution
		HideSolutionNode = FALSE
	EndGlobalSection
EndGlobal
